
Microsoft Visual Studio Solution File, Format Version 12.00
# Visual Studio Version 17
VisualStudioVersion = 17.14.36401.2
MinimumVisualStudioVersion = 10.0.40219.1
Project("{FAE04EC0-301F-11D3-BF4B-00C04F79EFBC}") = "TelemetryDevice", "TelemetryDevice\TelemetryDevice.csproj", "{470EE814-A4CD-4EA9-8B11-818ADEDA11F9}"
EndProject
Project("{FAE04EC0-301F-11D3-BF4B-00C04F79EFBC}") = "Shared", "..\Shared\Shared\Shared.csproj", "{626B1D52-BBD1-11BC-B02F-BAA61CE5EAB1}"
EndProject
Global
	GlobalSection(SolutionConfigurationPlatforms) = preSolution
		Debug|Any CPU = Debug|Any CPU
		Release|Any CPU = Release|Any CPU
	EndGlobalSection
	GlobalSection(ProjectConfigurationPlatforms) = postSolution
		{470EE814-A4CD-4EA9-8B11-818ADEDA11F9}.Debug|Any CPU.ActiveCfg = Debug|Any CPU
		{470EE814-A4CD-4EA9-8B11-818ADEDA11F9}.Debug|Any CPU.Build.0 = Debug|Any CPU
		{470EE814-A4CD-4EA9-8B11-818ADEDA11F9}.Release|Any CPU.ActiveCfg = Release|Any CPU
		{470EE814-A4CD-4EA9-8B11-818ADEDA11F9}.Release|Any CPU.Build.0 = Release|Any CPU
		{626B1D52-BBD1-11BC-B02F-BAA61CE5EAB1}.Debug|Any CPU.ActiveCfg = Debug|Any CPU
		{626B1D52-BBD1-11BC-B02F-BAA61CE5EAB1}.Debug|Any CPU.Build.0 = Debug|Any CPU
		{626B1D52-BBD1-11BC-B02F-BAA61CE5EAB1}.Release|Any CPU.ActiveCfg = Release|Any CPU
		{626B1D52-BBD1-11BC-B02F-BAA61CE5EAB1}.Release|Any CPU.Build.0 = Release|Any CPU
	EndGlobalSection
	GlobalSection(SolutionProperties) = preSolution
		HideSolutionNode = FALSE
	EndGlobalSection
	GlobalSection(ExtensibilityGlobals) = postSolution
		SolutionGuid = {0550F655-CD32-469E-AB0D-19AE56C0A65F}
	EndGlobalSection
EndGlobal
